
Microsoft Visual Studio Solution File, Format Version 12.00
# Visual Studio Version 16
VisualStudioVersion = 16.0.30907.101
MinimumVisualStudioVersion = 10.0.40219.1
Project("{FAE04EC0-301F-11D3-BF4B-00C04F79EFBC}") = "PlayerRanking", "PlayerRanking\PlayerRanking.csproj", "{3549C8F1-821D-4731-AAC7-DEABF9FD18ED}"
EndProject
Global
	GlobalSection(SolutionConfigurationPlatforms) = preSolution
		Debug|Any CPU = Debug|Any CPU
		Release|Any CPU = Release|Any CPU
	EndGlobalSection
	GlobalSection(ProjectConfigurationPlatforms) = postSolution
		{3549C8F1-821D-4731-AAC7-DEABF9FD18ED}.Debug|Any CPU.ActiveCfg = Debug|Any CPU
		{3549C8F1-821D-4731-AAC7-DEABF9FD18ED}.Debug|Any CPU.Build.0 = Debug|Any CPU
		{3549C8F1-821D-4731-AAC7-DEABF9FD18ED}.Release|Any CPU.ActiveCfg = Release|Any CPU
		{3549C8F1-821D-4731-AAC7-DEABF9FD18ED}.Release|Any CPU.Build.0 = Release|Any CPU
	EndGlobalSection
	GlobalSection(SolutionProperties) = preSolution
		HideSolutionNode = FALSE
	EndGlobalSection
	GlobalSection(ExtensibilityGlobals) = postSolution
		SolutionGuid = {FC77F68B-5443-4966-BFD8-48B591320453}
	EndGlobalSection
EndGlobal
